
Microsoft Visual Studio Solution File, Format Version 12.00
# Visual Studio Version 16
VisualStudioVersion = 16.0.30114.105
MinimumVisualStudioVersion = 10.0.40219.1
Project("{9A19103F-16F7-4668-BE54-9A1E7A4F7556}") = "ECMS", "ECMS\ECMS.csproj", "{89C7059F-92BD-44A4-81E9-AE68EDEED031}"
EndProject
Global
	GlobalSection(SolutionConfigurationPlatforms) = preSolution
		Debug|Any CPU = Debug|Any CPU
		Release|Any CPU = Release|Any CPU
	EndGlobalSection
	GlobalSection(ProjectConfigurationPlatforms) = postSolution
		{89C7059F-92BD-44A4-81E9-AE68EDEED031}.Debug|Any CPU.ActiveCfg = Debug|Any CPU
		{89C7059F-92BD-44A4-81E9-AE68EDEED031}.Debug|Any CPU.Build.0 = Debug|Any CPU
		{89C7059F-92BD-44A4-81E9-AE68EDEED031}.Release|Any CPU.ActiveCfg = Release|Any CPU
		{89C7059F-92BD-44A4-81E9-AE68EDEED031}.Release|Any CPU.Build.0 = Release|Any CPU
	EndGlobalSection
	GlobalSection(SolutionProperties) = preSolution
		HideSolutionNode = FALSE
	EndGlobalSection
	GlobalSection(ExtensibilityGlobals) = postSolution
		SolutionGuid = {B9E8E304-1710-4B3A-B5EA-ABC417B31570}
	EndGlobalSection
EndGlobal
